{
  "name": "crowd-simulation",
  "lockfileVersion": 3,
  "requires": true,
  "packages": {
    "": {
      "dependencies": {
        "mathcat": "^0.0.6"
      }
    },
    "node_modules/mathcat": {
      "version": "0.0.6",
      "resolved": "https://registry.npmjs.org/mathcat/-/mathcat-0.0.6.tgz",
      "integrity": "sha512-yI06neyDl7vuBBumXYHBm48nx6GDFX5RMUb+iWyj8xVQ9FVCxYlIxIdRQqINH25ttXArrFgMTFhCJvtzOx+P+g==",
      "license": "MIT"
    }
  }
}
